// !$*UTF8*$!
{
	archiveVersion = 1;
	classes = {
	};
	objectVersion = 55;
	objects = {

/* Begin PBXBuildFile section */
		269631CB29326A460060916B /* AppDelegate.swift in Sources */ = {isa = PBXBuildFile; fileRef = 269631CA29326A460060916B /* AppDelegate.swift */; };
		269631CD29326A460060916B /* SceneDelegate.swift in Sources */ = {isa = PBXBuildFile; fileRef = 269631CC29326A460060916B /* SceneDelegate.swift */; };
		269631CF29326A460060916B /* ViewController.swift in Sources */ = {isa = PBXBuildFile; fileRef = 269631CE29326A460060916B /* ViewController.swift */; };
		269631D229326A460060916B /* Main.storyboard in Resources */ = {isa = PBXBuildFile; fileRef = 269631D029326A460060916B /* Main.storyboard */; };
		269631D429326A470060916B /* Assets.xcassets in Resources */ = {isa = PBXBuildFile; fileRef = 269631D329326A470060916B /* Assets.xcassets */; };
		269631D729326A470060916B /* LaunchScreen.storyboard in Resources */ = {isa = PBXBuildFile; fileRef = 269631D529326A470060916B /* LaunchScreen.storyboard */; };
		269631E229326A470060916B /* _030byWillTests.swift in Sources */ = {isa = PBXBuildFile; fileRef = 269631E129326A470060916B /* _030byWillTests.swift */; };
		269631EC29326A470060916B /* _030byWillUITests.swift in Sources */ = {isa = PBXBuildFile; fileRef = 269631EB29326A470060916B /* _030byWillUITests.swift */; };
		269631EE29326A470060916B /* _030byWillUITestsLaunchTests.swift in Sources */ = {isa = PBXBuildFile; fileRef = 269631ED29326A470060916B /* _030byWillUITestsLaunchTests.swift */; };
		269631FF29327A580060916B /* PlayViewController.swift in Sources */ = {isa = PBXBuildFile; fileRef = 269631FE29327A580060916B /* PlayViewController.swift */; };
		26963202293286500060916B /* TimeBlock.swift in Sources */ = {isa = PBXBuildFile; fileRef = 26963201293286500060916B /* TimeBlock.swift */; };
/* End PBXBuildFile section */

/* Begin PBXContainerItemProxy section */
		269631DE29326A470060916B /* PBXContainerItemProxy */ = {
			isa = PBXContainerItemProxy;
			containerPortal = 269631BF29326A460060916B /* Project object */;
			proxyType = 1;
			remoteGlobalIDString = 269631C629326A460060916B;
			remoteInfo = 3030byWill;
		};
		269631E829326A470060916B /* PBXContainerItemProxy */ = {
			isa = PBXContainerItemProxy;
			containerPortal = 269631BF29326A460060916B /* Project object */;
			proxyType = 1;
			remoteGlobalIDString = 269631C629326A460060916B;
			remoteInfo = 3030byWill;
		};
/* End PBXContainerItemProxy section */

/* Begin PBXFileReference section */
		269631C729326A460060916B /* 3030byWill.app */ = {isa = PBXFileReference; explicitFileType = wrapper.application; includeInIndex = 0; path = 3030byWill.app; sourceTree = BUILT_PRODUCTS_DIR; };
		269631CA29326A460060916B /* AppDelegate.swift */ = {isa = PBXFileReference; lastKnownFileType = sourcecode.swift; path = AppDelegate.swift; sourceTree = "<group>"; };
		269631CC29326A460060916B /* SceneDelegate.swift */ = {isa = PBXFileReference; lastKnownFileType = sourcecode.swift; path = SceneDelegate.swift; sourceTree = "<group>"; };
		269631CE29326A460060916B /* ViewController.swift */ = {isa = PBXFileReference; lastKnownFileType = sourcecode.swift; path = ViewController.swift; sourceTree = "<group>"; };
		269631D129326A460060916B /* Base */ = {isa = PBXFileReference; lastKnownFileType = file.storyboard; name = Base; path = Base.lproj/Main.storyboard; sourceTree = "<group>"; };
		269631D329326A470060916B /* Assets.xcassets */ = {isa = PBXFileReference; lastKnownFileType = folder.assetcatalog; path = Assets.xcassets; sourceTree = "<group>"; };
		269631D629326A470060916B /* Base */ = {isa = PBXFileReference; lastKnownFileType = file.storyboard; name = Base; path = Base.lproj/LaunchScreen.storyboard; sourceTree = "<group>"; };
		269631D829326A470060916B /* Info.plist */ = {isa = PBXFileReference; lastKnownFileType = text.plist.xml; path = Info.plist; sourceTree = "<group>"; };
		269631DD29326A470060916B /* 3030byWillTests.xctest */ = {isa = PBXFileReference; explicitFileType = wrapper.cfbundle; includeInIndex = 0; path = 3030byWillTests.xctest; sourceTree = BUILT_PRODUCTS_DIR; };
		269631E129326A470060916B /* _030byWillTests.swift */ = {isa = PBXFileReference; lastKnownFileType = sourcecode.swift; path = _030byWillTests.swift; sourceTree = "<group>"; };
		269631E729326A470060916B /* 3030byWillUITests.xctest */ = {isa = PBXFileReference; explicitFileType = wrapper.cfbundle; includeInIndex = 0; path = 3030byWillUITests.xctest; sourceTree = BUILT_PRODUCTS_DIR; };
		269631EB29326A470060916B /* _030byWillUITests.swift */ = {isa = PBXFileReference; lastKnownFileType = sourcecode.swift; path = _030byWillUITests.swift; sourceTree = "<group>"; };
		269631ED29326A470060916B /* _030byWillUITestsLaunchTests.swift */ = {isa = PBXFileReference; lastKnownFileType = sourcecode.swift; path = _030byWillUITestsLaunchTests.swift; sourceTree = "<group>"; };
		269631FE29327A580060916B /* PlayViewController.swift */ = {isa = PBXFileReference; lastKnownFileType = sourcecode.swift; path = PlayViewController.swift; sourceTree = "<group>"; };
		26963201293286500060916B /* TimeBlock.swift */ = {isa = PBXFileReference; lastKnownFileType = sourcecode.swift; path = TimeBlock.swift; sourceTree = "<group>"; };
/* End PBXFileReference section */

/* Begin PBXFrameworksBuildPhase section */
		269631C429326A460060916B /* Frameworks */ = {
			isa = PBXFrameworksBuildPhase;
			buildActionMask = 2147483647;
			files = (
			);
			runOnlyForDeploymentPostprocessing = 0;
		};
		269631DA29326A470060916B /* Frameworks */ = {
			isa = PBXFrameworksBuildPhase;
			buildActionMask = 2147483647;
			files = (
			);
			runOnlyForDeploymentPostprocessing = 0;
		};
		269631E429326A470060916B /* Frameworks */ = {
			isa = PBXFrameworksBuildPhase;
			buildActionMask = 2147483647;
			files = (
			);
			runOnlyForDeploymentPostprocessing = 0;
		};
/* End PBXFrameworksBuildPhase section */

/* Begin PBXGroup section */
		269631BE29326A460060916B = {
			isa = PBXGroup;
			children = (
				269631C929326A460060916B /* 3030byWill */,
				269631E029326A470060916B /* 3030byWillTests */,
				269631EA29326A470060916B /* 3030byWillUITests */,
				269631C829326A460060916B /* Products */,
			);
			sourceTree = "<group>";
		};
		269631C829326A460060916B /* Products */ = {
			isa = PBXGroup;
			children = (
				269631C729326A460060916B /* 3030byWill.app */,
				269631DD29326A470060916B /* 3030byWillTests.xctest */,
				269631E729326A470060916B /* 3030byWillUITests.xctest */,
			);
			name = Products;
			sourceTree = "<group>";
		};
		269631C929326A460060916B /* 3030byWill */ = {
			isa = PBXGroup;
			children = (
				269631CA29326A460060916B /* AppDelegate.swift */,
				269631CC29326A460060916B /* SceneDelegate.swift */,
				26963200293286230060916B /* Models */,
				269631FC29326EB70060916B /* Views */,
				269631FD293275960060916B /* Controllers */,
				269631D329326A470060916B /* Assets.xcassets */,
				269631D529326A470060916B /* LaunchScreen.storyboard */,
				269631D829326A470060916B /* Info.plist */,
			);
			path = 3030byWill;
			sourceTree = "<group>";
		};
		269631E029326A470060916B /* 3030byWillTests */ = {
			isa = PBXGroup;
			children = (
				269631E129326A470060916B /* _030byWillTests.swift */,
			);
			path = 3030byWillTests;
			sourceTree = "<group>";
		};
		269631EA29326A470060916B /* 3030byWillUITests */ = {
			isa = PBXGroup;
			children = (
				269631EB29326A470060916B /* _030byWillUITests.swift */,
				269631ED29326A470060916B /* _030byWillUITestsLaunchTests.swift */,
			);
			path = 3030byWillUITests;
			sourceTree = "<group>";
		};
		269631FC29326EB70060916B /* Views */ = {
			isa = PBXGroup;
			children = (
				269631D029326A460060916B /* Main.storyboard */,
			);
			path = Views;
			sourceTree = "<group>";
		};
		269631FD293275960060916B /* Controllers */ = {
			isa = PBXGroup;
			children = (
				269631CE29326A460060916B /* ViewController.swift */,
				269631FE29327A580060916B /* PlayViewController.swift */,
			);
			path = Controllers;
			sourceTree = "<group>";
		};
		26963200293286230060916B /* Models */ = {
			isa = PBXGroup;
			children = (
				26963201293286500060916B /* TimeBlock.swift */,
			);
			path = Models;
			sourceTree = "<group>";
		};
/* End PBXGroup section */

/* Begin PBXNativeTarget section */
		269631C629326A460060916B /* 3030byWill */ = {
			isa = PBXNativeTarget;
			buildConfigurationList = 269631F129326A470060916B /* Build configuration list for PBXNativeTarget "3030byWill" */;
			buildPhases = (
				269631C329326A460060916B /* Sources */,
				269631C429326A460060916B /* Frameworks */,
				269631C529326A460060916B /* Resources */,
			);
			buildRules = (
			);
			dependencies = (
			);
			name = 3030byWill;
			productName = 3030byWill;
			productReference = 269631C729326A460060916B /* 3030byWill.app */;
			productType = "com.apple.product-type.application";
		};
		269631DC29326A470060916B /* 3030byWillTests */ = {
			isa = PBXNativeTarget;
			buildConfigurationList = 269631F429326A470060916B /* Build configuration list for PBXNativeTarget "3030byWillTests" */;
			buildPhases = (
				269631D929326A470060916B /* Sources */,
				269631DA29326A470060916B /* Frameworks */,
				269631DB29326A470060916B /* Resources */,
			);
			buildRules = (
			);
			dependencies = (
				269631DF29326A470060916B /* PBXTargetDependency */,
			);
			name = 3030byWillTests;
			productName = 3030byWillTests;
			productReference = 269631DD29326A470060916B /* 3030byWillTests.xctest */;
			productType = "com.apple.product-type.bundle.unit-test";
		};
		269631E629326A470060916B /* 3030byWillUITests */ = {
			isa = PBXNativeTarget;
			buildConfigurationList = 269631F729326A470060916B /* Build configuration list for PBXNativeTarget "3030byWillUITests" */;
			buildPhases = (
				269631E329326A470060916B /* Sources */,
				269631E429326A470060916B /* Frameworks */,
				269631E529326A470060916B /* Resources */,
			);
			buildRules = (
			);
			dependencies = (
				269631E929326A470060916B /* PBXTargetDependency */,
			);
			name = 3030byWillUITests;
			productName = 3030byWillUITests;
			productReference = 269631E729326A470060916B /* 3030byWillUITests.xctest */;
			productType = "com.apple.product-type.bundle.ui-testing";
		};
/* End PBXNativeTarget section */

/* Begin PBXProject section */
		269631BF29326A460060916B /* Project object */ = {
			isa = PBXProject;
			attributes = {
				BuildIndependentTargetsInParallel = 1;
				LastSwiftUpdateCheck = 1320;
				LastUpgradeCheck = 1320;
				TargetAttributes = {
					269631C629326A460060916B = {
						CreatedOnToolsVersion = 13.2.1;
					};
					269631DC29326A470060916B = {
						CreatedOnToolsVersion = 13.2.1;
						TestTargetID = 269631C629326A460060916B;
					};
					269631E629326A470060916B = {
						CreatedOnToolsVersion = 13.2.1;
						TestTargetID = 269631C629326A460060916B;
					};
				};
			};
			buildConfigurationList = 269631C229326A460060916B /* Build configuration list for PBXProject "3030byWill" */;
			compatibilityVersion = "Xcode 13.0";
			developmentRegion = en;
			hasScannedForEncodings = 0;
			knownRegions = (
				en,
				Base,
			);
			mainGroup = 269631BE29326A460060916B;
			productRefGroup = 269631C829326A460060916B /* Products */;
			projectDirPath = "";
			projectRoot = "";
			targets = (
				269631C629326A460060916B /* 3030byWill */,
				269631DC29326A470060916B /* 3030byWillTests */,
				269631E629326A470060916B /* 3030byWillUITests */,
			);
		};
/* End PBXProject section */

/* Begin PBXResourcesBuildPhase section */
		269631C529326A460060916B /* Resources */ = {
			isa = PBXResourcesBuildPhase;
			buildActionMask = 2147483647;
			files = (
				269631D729326A470060916B /* LaunchScreen.storyboard in Resources */,
				269631D429326A470060916B /* Assets.xcassets in Resources */,
				269631D229326A460060916B /* Main.storyboard in Resources */,
			);
			runOnlyForDeploymentPostprocessing = 0;
		};
		269631DB29326A470060916B /* Resources */ = {
			isa = PBXResourcesBuildPhase;
			buildActionMask = 2147483647;
			files = (
			);
			runOnlyForDeploymentPostprocessing = 0;
		};
		269631E529326A470060916B /* Resources */ = {
			isa = PBXResourcesBuildPhase;
			buildActionMask = 2147483647;
			files = (
			);
			runOnlyForDeploymentPostprocessing = 0;
		};
/* End PBXResourcesBuildPhase section */

/* Begin PBXSourcesBuildPhase section */
		269631C329326A460060916B /* Sources */ = {
			isa = PBXSourcesBuildPhase;
			buildActionMask = 2147483647;
			files = (
				26963202293286500060916B /* TimeBlock.swift in Sources */,
				269631FF29327A580060916B /* PlayViewController.swift in Sources */,
				269631CF29326A460060916B /* ViewController.swift in Sources */,
				269631CB29326A460060916B /* AppDelegate.swift in Sources */,
				269631CD29326A460060916B /* SceneDelegate.swift in Sources */,
			);
			runOnlyForDeploymentPostprocessing = 0;
		};
		269631D929326A470060916B /* Sources */ = {
			isa = PBXSourcesBuildPhase;
			buildActionMask = 2147483647;
			files = (
				269631E229326A470060916B /* _030byWillTests.swift in Sources */,
			);
			runOnlyForDeploymentPostprocessing = 0;
		};
		269631E329326A470060916B /* Sources */ = {
			isa = PBXSourcesBuildPhase;
			buildActionMask = 2147483647;
			files = (
				269631EC29326A470060916B /* _030byWillUITests.swift in Sources */,
				269631EE29326A470060916B /* _030byWillUITestsLaunchTests.swift in Sources */,
			);
			runOnlyForDeploymentPostprocessing = 0;
		};
/* End PBXSourcesBuildPhase section */

/* Begin PBXTargetDependency section */
		269631DF29326A470060916B /* PBXTargetDependency */ = {
			isa = PBXTargetDependency;
			target = 269631C629326A460060916B /* 3030byWill */;
			targetProxy = 269631DE29326A470060916B /* PBXContainerItemProxy */;
		};
		269631E929326A470060916B /* PBXTargetDependency */ = {
			isa = PBXTargetDependency;
			target = 269631C629326A460060916B /* 3030byWill */;
			targetProxy = 269631E829326A470060916B /* PBXContainerItemProxy */;
		};
/* End PBXTargetDependency section */

/* Begin PBXVariantGroup section */
		269631D029326A460060916B /* Main.storyboard */ = {
			isa = PBXVariantGroup;
			children = (
				269631D129326A460060916B /* Base */,
			);
			name = Main.storyboard;
			sourceTree = "<group>";
		};
		269631D529326A470060916B /* LaunchScreen.storyboard */ = {
			isa = PBXVariantGroup;
			children = (
				269631D629326A470060916B /* Base */,
			);
			name = LaunchScreen.storyboard;
			sourceTree = "<group>";
		};
/* End PBXVariantGroup section */

/* Begin XCBuildConfiguration section */
		269631EF29326A470060916B /* Debug */ = {
			isa = XCBuildConfiguration;
			buildSettings = {
				ALWAYS_SEARCH_USER_PATHS = NO;
				CLANG_ANALYZER_NONNULL = YES;
				CLANG_ANALYZER_NUMBER_OBJECT_CONVERSION = YES_AGGRESSIVE;
				CLANG_CXX_LANGUAGE_STANDARD = "gnu++17";
				CLANG_CXX_LIBRARY = "libc++";
				CLANG_ENABLE_MODULES = YES;
				CLANG_ENABLE_OBJC_ARC = YES;
				CLANG_ENABLE_OBJC_WEAK = YES;
				CLANG_WARN_BLOCK_CAPTURE_AUTORELEASING = YES;
				CLANG_WARN_BOOL_CONVERSION = YES;
				CLANG_WARN_COMMA = YES;
				CLANG_WARN_CONSTANT_CONVERSION = YES;
				CLANG_WARN_DEPRECATED_OBJC_IMPLEMENTATIONS = YES;
				CLANG_WARN_DIRECT_OBJC_ISA_USAGE = YES_ERROR;
				CLANG_WARN_DOCUMENTATION_COMMENTS = YES;
				CLANG_WARN_EMPTY_BODY = YES;
				CLANG_WARN_ENUM_CONVERSION = YES;
				CLANG_WARN_INFINITE_RECURSION = YES;
				CLANG_WARN_INT_CONVERSION = YES;
				CLANG_WARN_NON_LITERAL_NULL_CONVERSION = YES;
				CLANG_WARN_OBJC_IMPLICIT_RETAIN_SELF = YES;
				CLANG_WARN_OBJC_LITERAL_CONVERSION = YES;
				CLANG_WARN_OBJC_ROOT_CLASS = YES_ERROR;
				CLANG_WARN_QUOTED_INCLUDE_IN_FRAMEWORK_HEADER = YES;
				CLANG_WARN_RANGE_LOOP_ANALYSIS = YES;
				CLANG_WARN_STRICT_PROTOTYPES = YES;
				CLANG_WARN_SUSPICIOUS_MOVE = YES;
				CLANG_WARN_UNGUARDED_AVAILABILITY = YES_AGGRESSIVE;
				CLANG_WARN_UNREACHABLE_CODE = YES;
				CLANG_WARN__DUPLICATE_METHOD_MATCH = YES;
				COPY_PHASE_STRIP = NO;
				DEBUG_INFORMATION_FORMAT = dwarf;
				ENABLE_STRICT_OBJC_MSGSEND = YES;
				ENABLE_TESTABILITY = YES;
				GCC_C_LANGUAGE_STANDARD = gnu11;
				GCC_DYNAMIC_NO_PIC = NO;
				GCC_NO_COMMON_BLOCKS = YES;
				GCC_OPTIMIZATION_LEVEL = 0;
				GCC_PREPROCESSOR_DEFINITIONS = (
					"DEBUG=1",
					"$(inherited)",
				);
				GCC_WARN_64_TO_32_BIT_CONVERSION = YES;
				GCC_WARN_ABOUT_RETURN_TYPE = YES_ERROR;
				GCC_WARN_UNDECLARED_SELECTOR = YES;
				GCC_WARN_UNINITIALIZED_AUTOS = YES_AGGRESSIVE;
				GCC_WARN_UNUSED_FUNCTION = YES;
				GCC_WARN_UNUSED_VARIABLE = YES;
				IPHONEOS_DEPLOYMENT_TARGET = 15.2;
				MTL_ENABLE_DEBUG_INFO = INCLUDE_SOURCE;
				MTL_FAST_MATH = YES;
				ONLY_ACTIVE_ARCH = YES;
				SDKROOT = iphoneos;
				SWIFT_ACTIVE_COMPILATION_CONDITIONS = DEBUG;
				SWIFT_OPTIMIZATION_LEVEL = "-Onone";
			};
			name = Debug;
		};
		269631F029326A470060916B /* Release */ = {
			isa = XCBuildConfiguration;
			buildSettings = {
				ALWAYS_SEARCH_USER_PATHS = NO;
				CLANG_ANALYZER_NONNULL = YES;
				CLANG_ANALYZER_NUMBER_OBJECT_CONVERSION = YES_AGGRESSIVE;
				CLANG_CXX_LANGUAGE_STANDARD = "gnu++17";
				CLANG_CXX_LIBRARY = "libc++";
				CLANG_ENABLE_MODULES = YES;
				CLANG_ENABLE_OBJC_ARC = YES;
				CLANG_ENABLE_OBJC_WEAK = YES;
				CLANG_WARN_BLOCK_CAPTURE_AUTORELEASING = YES;
				CLANG_WARN_BOOL_CONVERSION = YES;
				CLANG_WARN_COMMA = YES;
				CLANG_WARN_CONSTANT_CONVERSION = YES;
				CLANG_WARN_DEPRECATED_OBJC_IMPLEMENTATIONS = YES;
				CLANG_WARN_DIRECT_OBJC_ISA_USAGE = YES_ERROR;
				CLANG_WARN_DOCUMENTATION_COMMENTS = YES;
				CLANG_WARN_EMPTY_BODY = YES;
				CLANG_WARN_ENUM_CONVERSION = YES;
				CLANG_WARN_INFINITE_RECURSION = YES;
				CLANG_WARN_INT_CONVERSION = YES;
				CLANG_WARN_NON_LITERAL_NULL_CONVERSION = YES;
				CLANG_WARN_OBJC_IMPLICIT_RETAIN_SELF = YES;
				CLANG_WARN_OBJC_LITERAL_CONVERSION = YES;
				CLANG_WARN_OBJC_ROOT_CLASS = YES_ERROR;
				CLANG_WARN_QUOTED_INCLUDE_IN_FRAMEWORK_HEADER = YES;
				CLANG_WARN_RANGE_LOOP_ANALYSIS = YES;
				CLANG_WARN_STRICT_PROTOTYPES = YES;
				CLANG_WARN_SUSPICIOUS_MOVE = YES;
				CLANG_WARN_UNGUARDED_AVAILABILITY = YES_AGGRESSIVE;
				CLANG_WARN_UNREACHABLE_CODE = YES;
				CLANG_WARN__DUPLICATE_METHOD_MATCH = YES;
				COPY_PHASE_STRIP = NO;
				DEBUG_INFORMATION_FORMAT = "dwarf-with-dsym";
				ENABLE_NS_ASSERTIONS = NO;
				ENABLE_STRICT_OBJC_MSGSEND = YES;
				GCC_C_LANGUAGE_STANDARD = gnu11;
				GCC_NO_COMMON_BLOCKS = YES;
				GCC_WARN_64_TO_32_BIT_CONVERSION = YES;
				GCC_WARN_ABOUT_RETURN_TYPE = YES_ERROR;
				GCC_WARN_UNDECLARED_SELECTOR = YES;
				GCC_WARN_UNINITIALIZED_AUTOS = YES_AGGRESSIVE;
				GCC_WARN_UNUSED_FUNCTION = YES;
				GCC_WARN_UNUSED_VARIABLE = YES;
				IPHONEOS_DEPLOYMENT_TARGET = 15.2;
				MTL_ENABLE_DEBUG_INFO = NO;
				MTL_FAST_MATH = YES;
				SDKROOT = iphoneos;
				SWIFT_COMPILATION_MODE = wholemodule;
				SWIFT_OPTIMIZATION_LEVEL = "-O";
				VALIDATE_PRODUCT = YES;
			};
			name = Release;
		};
		269631F229326A470060916B /* Debug */ = {
			isa = XCBuildConfiguration;
			buildSettings = {
				ASSETCATALOG_COMPILER_APPICON_NAME = AppIcon;
				ASSETCATALOG_COMPILER_GLOBAL_ACCENT_COLOR_NAME = AccentColor;
				CODE_SIGN_STYLE = Automatic;
				CURRENT_PROJECT_VERSION = 1;
				DEVELOPMENT_TEAM = 8VYCX6UDTV;
				GENERATE_INFOPLIST_FILE = YES;
				INFOPLIST_FILE = 3030byWill/Info.plist;
				INFOPLIST_KEY_UIApplicationSupportsIndirectInputEvents = YES;
				INFOPLIST_KEY_UILaunchStoryboardName = LaunchScreen;
				INFOPLIST_KEY_UIMainStoryboardFile = Main;
				INFOPLIST_KEY_UISupportedInterfaceOrientations_iPad = "UIInterfaceOrientationPortrait UIInterfaceOrientationPortraitUpsideDown UIInterfaceOrientationLandscapeLeft UIInterfaceOrientationLandscapeRight";
				INFOPLIST_KEY_UISupportedInterfaceOrientations_iPhone = "UIInterfaceOrientationPortrait UIInterfaceOrientationLandscapeLeft UIInterfaceOrientationLandscapeRight";
				LD_RUNPATH_SEARCH_PATHS = (
					"$(inherited)",
					"@executable_path/Frameworks",
				);
				MARKETING_VERSION = 1.0;
				PRODUCT_BUNDLE_IDENTIFIER = "will3030.-030byWill";
				PRODUCT_NAME = "$(TARGET_NAME)";
				SWIFT_EMIT_LOC_STRINGS = YES;
				SWIFT_VERSION = 5.0;
				TARGETED_DEVICE_FAMILY = "1,2";
			};
			name = Debug;
		};
		269631F329326A470060916B /* Release */ = {
			isa = XCBuildConfiguration;
			buildSettings = {
				ASSETCATALOG_COMPILER_APPICON_NAME = AppIcon;
				ASSETCATALOG_COMPILER_GLOBAL_ACCENT_COLOR_NAME = AccentColor;
				CODE_SIGN_STYLE = Automatic;
				CURRENT_PROJECT_VERSION = 1;
				DEVELOPMENT_TEAM = 8VYCX6UDTV;
				GENERATE_INFOPLIST_FILE = YES;
				INFOPLIST_FILE = 3030byWill/Info.plist;
				INFOPLIST_KEY_UIApplicationSupportsIndirectInputEvents = YES;
				INFOPLIST_KEY_UILaunchStoryboardName = LaunchScreen;
				INFOPLIST_KEY_UIMainStoryboardFile = Main;
				INFOPLIST_KEY_UISupportedInterfaceOrientations_iPad = "UIInterfaceOrientationPortrait UIInterfaceOrientationPortraitUpsideDown UIInterfaceOrientationLandscapeLeft UIInterfaceOrientationLandscapeRight";
				INFOPLIST_KEY_UISupportedInterfaceOrientations_iPhone = "UIInterfaceOrientationPortrait UIInterfaceOrientationLandscapeLeft UIInterfaceOrientationLandscapeRight";
				LD_RUNPATH_SEARCH_PATHS = (
					"$(inherited)",
					"@executable_path/Frameworks",
				);
				MARKETING_VERSION = 1.0;
				PRODUCT_BUNDLE_IDENTIFIER = "will3030.-030byWill";
				PRODUCT_NAME = "$(TARGET_NAME)";
				SWIFT_EMIT_LOC_STRINGS = YES;
				SWIFT_VERSION = 5.0;
				TARGETED_DEVICE_FAMILY = "1,2";
			};
			name = Release;
		};
		269631F529326A470060916B /* Debug */ = {
			isa = XCBuildConfiguration;
			buildSettings = {
				ALWAYS_EMBED_SWIFT_STANDARD_LIBRARIES = YES;
				BUNDLE_LOADER = "$(TEST_HOST)";
				CODE_SIGN_STYLE = Automatic;
				CURRENT_PROJECT_VERSION = 1;
				DEVELOPMENT_TEAM = 8VYCX6UDTV;
				GENERATE_INFOPLIST_FILE = YES;
				IPHONEOS_DEPLOYMENT_TARGET = 15.2;
				MARKETING_VERSION = 1.0;
				PRODUCT_BUNDLE_IDENTIFIER = "will3030.-030byWillTests";
				PRODUCT_NAME = "$(TARGET_NAME)";
				SWIFT_EMIT_LOC_STRINGS = NO;
				SWIFT_VERSION = 5.0;
				TARGETED_DEVICE_FAMILY = "1,2";
				TEST_HOST = "$(BUILT_PRODUCTS_DIR)/3030byWill.app/3030byWill";
			};
			name = Debug;
		};
		269631F629326A470060916B /* Release */ = {
			isa = XCBuildConfiguration;
			buildSettings = {
				ALWAYS_EMBED_SWIFT_STANDARD_LIBRARIES = YES;
				BUNDLE_LOADER = "$(TEST_HOST)";
				CODE_SIGN_STYLE = Automatic;
				CURRENT_PROJECT_VERSION = 1;
				DEVELOPMENT_TEAM = 8VYCX6UDTV;
				GENERATE_INFOPLIST_FILE = YES;
				IPHONEOS_DEPLOYMENT_TARGET = 15.2;
				MARKETING_VERSION = 1.0;
				PRODUCT_BUNDLE_IDENTIFIER = "will3030.-030byWillTests";
				PRODUCT_NAME = "$(TARGET_NAME)";
				SWIFT_EMIT_LOC_STRINGS = NO;
				SWIFT_VERSION = 5.0;
				TARGETED_DEVICE_FAMILY = "1,2";
				TEST_HOST = "$(BUILT_PRODUCTS_DIR)/3030byWill.app/3030byWill";
			};
			name = Release;
		};
		269631F829326A470060916B /* Debug */ = {
			isa = XCBuildConfiguration;
			buildSettings = {
				ALWAYS_EMBED_SWIFT_STANDARD_LIBRARIES = YES;
				CODE_SIGN_STYLE = Automatic;
				CURRENT_PROJECT_VERSION = 1;
				DEVELOPMENT_TEAM = 8VYCX6UDTV;
				GENERATE_INFOPLIST_FILE = YES;
				MARKETING_VERSION = 1.0;
				PRODUCT_BUNDLE_IDENTIFIER = "will3030.-030byWillUITests";
				PRODUCT_NAME = "$(TARGET_NAME)";
				SWIFT_EMIT_LOC_STRINGS = NO;
				SWIFT_VERSION = 5.0;
				TARGETED_DEVICE_FAMILY = "1,2";
				TEST_TARGET_NAME = 3030byWill;
			};
			name = Debug;
		};
		269631F929326A470060916B /* Release */ = {
			isa = XCBuildConfiguration;
			buildSettings = {
				ALWAYS_EMBED_SWIFT_STANDARD_LIBRARIES = YES;
				CODE_SIGN_STYLE = Automatic;
				CURRENT_PROJECT_VERSION = 1;
				DEVELOPMENT_TEAM = 8VYCX6UDTV;
				GENERATE_INFOPLIST_FILE = YES;
				MARKETING_VERSION = 1.0;
				PRODUCT_BUNDLE_IDENTIFIER = "will3030.-030byWillUITests";
				PRODUCT_NAME = "$(TARGET_NAME)";
				SWIFT_EMIT_LOC_STRINGS = NO;
				SWIFT_VERSION = 5.0;
				TARGETED_DEVICE_FAMILY = "1,2";
				TEST_TARGET_NAME = 3030byWill;
			};
			name = Release;
		};
/* End XCBuildConfiguration section */

/* Begin XCConfigurationList section */
		269631C229326A460060916B /* Build configuration list for PBXProject "3030byWill" */ = {
			isa = XCConfigurationList;
			buildConfigurations = (
				269631EF29326A470060916B /* Debug */,
				269631F029326A470060916B /* Release */,
			);
			defaultConfigurationIsVisible = 0;
			defaultConfigurationName = Release;
		};
		269631F129326A470060916B /* Build configuration list for PBXNativeTarget "3030byWill" */ = {
			isa = XCConfigurationList;
			buildConfigurations = (
				269631F229326A470060916B /* Debug */,
				269631F329326A470060916B /* Release */,
			);
			defaultConfigurationIsVisible = 0;
			defaultConfigurationName = Release;
		};
		269631F429326A470060916B /* Build configuration list for PBXNativeTarget "3030byWillTests" */ = {
			isa = XCConfigurationList;
			buildConfigurations = (
				269631F529326A470060916B /* Debug */,
				269631F629326A470060916B /* Release */,
			);
			defaultConfigurationIsVisible = 0;
			defaultConfigurationName = Release;
		};
		269631F729326A470060916B /* Build configuration list for PBXNativeTarget "3030byWillUITests" */ = {
			isa = XCConfigurationList;
			buildConfigurations = (
				269631F829326A470060916B /* Debug */,
				269631F929326A470060916B /* Release */,
			);
			defaultConfigurationIsVisible = 0;
			defaultConfigurationName = Release;
		};
/* End XCConfigurationList section */
	};
	rootObject = 269631BF29326A460060916B /* Project object */;
}
